
Microsoft Visual Studio Solution File, Format Version 12.00
# 
Project("{FAE04EC0-301F-11D3-BF4B-00C04F79EFBC}") = "AsyncLocal", "AsyncLocal\AsyncLocal.csproj", "{6B939269-A66D-4725-8D99-F20BA6FEF6BC}"
EndProject
Project("{FAE04EC0-301F-11D3-BF4B-00C04F79EFBC}") = "AsyncLocal.Tests", "AsyncLocal.Tests\AsyncLocal.Tests.csproj", "{35CB2D22-E509-45DC-A8B6-C7F10279B951}"
EndProject
Global
	GlobalSection(SolutionConfigurationPlatforms) = preSolution
		Debug|Any CPU = Debug|Any CPU
		Release|Any CPU = Release|Any CPU
	EndGlobalSection
	GlobalSection(ProjectConfigurationPlatforms) = postSolution
		{6B939269-A66D-4725-8D99-F20BA6FEF6BC}.Debug|Any CPU.ActiveCfg = Debug|Any CPU
		{6B939269-A66D-4725-8D99-F20BA6FEF6BC}.Debug|Any CPU.Build.0 = Debug|Any CPU
		{6B939269-A66D-4725-8D99-F20BA6FEF6BC}.Release|Any CPU.ActiveCfg = Release|Any CPU
		{6B939269-A66D-4725-8D99-F20BA6FEF6BC}.Release|Any CPU.Build.0 = Release|Any CPU
		{35CB2D22-E509-45DC-A8B6-C7F10279B951}.Debug|Any CPU.ActiveCfg = Debug|Any CPU
		{35CB2D22-E509-45DC-A8B6-C7F10279B951}.Debug|Any CPU.Build.0 = Debug|Any CPU
		{35CB2D22-E509-45DC-A8B6-C7F10279B951}.Release|Any CPU.ActiveCfg = Release|Any CPU
		{35CB2D22-E509-45DC-A8B6-C7F10279B951}.Release|Any CPU.Build.0 = Release|Any CPU
	EndGlobalSection
EndGlobal
